
Microsoft Visual Studio Solution File, Format Version 12.00
# Visual Studio 14
VisualStudioVersion = 14.0.25420.1
MinimumVisualStudioVersion = 10.0.40219.1
Project("{FAE04EC0-301F-11D3-BF4B-00C04F79EFBC}") = "ApiDemo", "ApiDemo\ApiDemo.csproj", "{FDD1854A-FE7B-49AD-8444-23631DC97884}"
EndProject
Project("{FAE04EC0-301F-11D3-BF4B-00C04F79EFBC}") = "WebDemo", "WebDemo\WebDemo.csproj", "{C50607F0-274C-4032-AEAB-035EDAA7AD41}"
EndProject
Global
	GlobalSection(SolutionConfigurationPlatforms) = preSolution
		Debug|Any CPU = Debug|Any CPU
		Release|Any CPU = Release|Any CPU
	EndGlobalSection
	GlobalSection(ProjectConfigurationPlatforms) = postSolution
		{FDD1854A-FE7B-49AD-8444-23631DC97884}.Debug|Any CPU.ActiveCfg = Debug|Any CPU
		{FDD1854A-FE7B-49AD-8444-23631DC97884}.Debug|Any CPU.Build.0 = Debug|Any CPU
		{FDD1854A-FE7B-49AD-8444-23631DC97884}.Release|Any CPU.ActiveCfg = Release|Any CPU
		{FDD1854A-FE7B-49AD-8444-23631DC97884}.Release|Any CPU.Build.0 = Release|Any CPU
		{C50607F0-274C-4032-AEAB-035EDAA7AD41}.Debug|Any CPU.ActiveCfg = Debug|Any CPU
		{C50607F0-274C-4032-AEAB-035EDAA7AD41}.Debug|Any CPU.Build.0 = Debug|Any CPU
		{C50607F0-274C-4032-AEAB-035EDAA7AD41}.Release|Any CPU.ActiveCfg = Release|Any CPU
		{C50607F0-274C-4032-AEAB-035EDAA7AD41}.Release|Any CPU.Build.0 = Release|Any CPU
	EndGlobalSection
	GlobalSection(SolutionProperties) = preSolution
		HideSolutionNode = FALSE
	EndGlobalSection
EndGlobal
